# This file is automatically @generated by Poetry 1.8.5 and should not be changed by hand.

[[package]]
name = "markdown"
version = "3.7"
description = "Python implementation of John Gruber's Markdown."
optional = false
python-versions = ">=3.8"
files = [
    {file = "Markdown-3.7-py3-none-any.whl", hash = "sha256:7eb6df5690b81a1d7942992c97fad2938e956e79df20cbc6186e9c3a77b1c803"},
    {file = "markdown-3.7.tar.gz", hash = "sha256:2ae2471477cfd02dbbf038d5d9bc226d40def84b4fe2986e49b59b6b472bbed2"},
]

[package.extras]
docs = ["mdx-gh-links (>=0.2)", "mkdocs (>=1.5)", "mkdocs-gen-files", "mkdocs-literate-nav", "mkdocs-nature (>=0.6)", "mkdocs-section-index", "mkdocstrings[python]"]
testing = ["coverage", "pyyaml"]

[[package]]
name = "python-wordpress-xmlrpc"
version = "2.3"
description = "WordPress XML-RPC API Integration Library"
optional = false
python-versions = "*"
files = [
    {file = "python-wordpress-xmlrpc-2.3.zip", hash = "sha256:e15a8e9aca16db169369e5967299c29965570ed83c7c3ad418ed59b5ad1471bd"},
]

[metadata]
lock-version = "2.0"
python-versions = "^3.13"
content-hash = "de0dd4742c6a4176f3b1a6ca30c785f97d9dae3c8f8315ce7987f7bca641dc86"
